
Microsoft Visual Studio Solution File, Format Version 12.00
# Visual Studio Version 17
VisualStudioVersion = 17.6.33815.320
MinimumVisualStudioVersion = 10.0.40219.1
Project("{FAE04EC0-301F-11D3-BF4B-00C04F79EFBC}") = "MYVCApp", "MYVCApp.csproj", "{9FB54B78-AAF0-4D81-8060-56A73508ECED}"
EndProject
Global
	GlobalSection(SolutionConfigurationPlatforms) = preSolution
		Debug|Any CPU = Debug|Any CPU
		Release|Any CPU = Release|Any CPU
	EndGlobalSection
	GlobalSection(ProjectConfigurationPlatforms) = postSolution
		{9FB54B78-AAF0-4D81-8060-56A73508ECED}.Debug|Any CPU.ActiveCfg = Debug|Any CPU
		{9FB54B78-AAF0-4D81-8060-56A73508ECED}.Debug|Any CPU.Build.0 = Debug|Any CPU
		{9FB54B78-AAF0-4D81-8060-56A73508ECED}.Release|Any CPU.ActiveCfg = Release|Any CPU
		{9FB54B78-AAF0-4D81-8060-56A73508ECED}.Release|Any CPU.Build.0 = Release|Any CPU
	EndGlobalSection
	GlobalSection(SolutionProperties) = preSolution
		HideSolutionNode = FALSE
	EndGlobalSection
	GlobalSection(ExtensibilityGlobals) = postSolution
		SolutionGuid = {E8C4C879-4B2D-44B8-BD02-BE659022DD82}
	EndGlobalSection
EndGlobal
